
Microsoft Visual Studio Solution File, Format Version 12.00
# Visual Studio Version 17
VisualStudioVersion = 17.0.31903.59
MinimumVisualStudioVersion = 10.0.40219.1
Project("{2150E333-8FDC-42A3-9474-1A3956D46DE8}") = "app", "app", "{12ED2B3A-4525-49D3-BB1A-C9754474FBEE}"
EndProject
Project("{FAE04EC0-301F-11D3-BF4B-00C04F79EFBC}") = "locatic", "app\locatic\locatic.csproj", "{C51E89F9-BE04-463C-AC00-5A1A90DDB933}"
EndProject
Project("{FAE04EC0-301F-11D3-BF4B-00C04F79EFBC}") = "Locatic.Tests", "app\Locatic.Tests\Locatic.Tests.csproj", "{C697E8C5-BE78-4BB3-B26A-BFEA6D832AAF}"
EndProject
Global
	GlobalSection(SolutionConfigurationPlatforms) = preSolution
		Debug|Any CPU = Debug|Any CPU
		Release|Any CPU = Release|Any CPU
	EndGlobalSection
	GlobalSection(SolutionProperties) = preSolution
		HideSolutionNode = FALSE
	EndGlobalSection
	GlobalSection(ProjectConfigurationPlatforms) = postSolution
		{C51E89F9-BE04-463C-AC00-5A1A90DDB933}.Debug|Any CPU.ActiveCfg = Debug|Any CPU
		{C51E89F9-BE04-463C-AC00-5A1A90DDB933}.Debug|Any CPU.Build.0 = Debug|Any CPU
		{C51E89F9-BE04-463C-AC00-5A1A90DDB933}.Release|Any CPU.ActiveCfg = Release|Any CPU
		{C51E89F9-BE04-463C-AC00-5A1A90DDB933}.Release|Any CPU.Build.0 = Release|Any CPU
		{C697E8C5-BE78-4BB3-B26A-BFEA6D832AAF}.Debug|Any CPU.ActiveCfg = Debug|Any CPU
		{C697E8C5-BE78-4BB3-B26A-BFEA6D832AAF}.Debug|Any CPU.Build.0 = Debug|Any CPU
		{C697E8C5-BE78-4BB3-B26A-BFEA6D832AAF}.Release|Any CPU.ActiveCfg = Release|Any CPU
		{C697E8C5-BE78-4BB3-B26A-BFEA6D832AAF}.Release|Any CPU.Build.0 = Release|Any CPU
	EndGlobalSection
	GlobalSection(NestedProjects) = preSolution
		{C51E89F9-BE04-463C-AC00-5A1A90DDB933} = {12ED2B3A-4525-49D3-BB1A-C9754474FBEE}
		{C697E8C5-BE78-4BB3-B26A-BFEA6D832AAF} = {12ED2B3A-4525-49D3-BB1A-C9754474FBEE}
	EndGlobalSection
EndGlobal
